
Microsoft Visual Studio Solution File, Format Version 12.00
Project("{FAE04EC0-301F-11D3-BF4B-00C04F79EFBC}") = "ptova 1", "ptova 1\ptova 1.csproj", "{2786E2C9-3FCD-4D67-8A56-6FF8A5C192D2}"
EndProject
Project("{FAE04EC0-301F-11D3-BF4B-00C04F79EFBC}") = "ConsoleApp1", "ConsoleApp1\ConsoleApp1.csproj", "{89E32CCC-60E2-4065-9DCB-A5BFBA73A9DA}"
EndProject
Project("{FAE04EC0-301F-11D3-BF4B-00C04F79EFBC}") = "Ciclo while", "Ciclo while\Ciclo while.csproj", "{D2D97320-9BD7-4B75-9375-37F1C537E913}"
EndProject
Project("{FAE04EC0-301F-11D3-BF4B-00C04F79EFBC}") = "do_while", "do_while\do_while.csproj", "{E1C995F7-A973-4D36-9FE7-82B1CC12A82E}"
EndProject
Project("{FAE04EC0-301F-11D3-BF4B-00C04F79EFBC}") = "random", "random\random.csproj", "{42A55565-5F94-4C1C-A34F-7FA17D291688}"
EndProject
Project("{FAE04EC0-301F-11D3-BF4B-00C04F79EFBC}") = "Random_es1", "Random_es1\Random_es1.csproj", "{CBF00653-D212-4E5B-B704-892AF29DF3AD}"
EndProject
Project("{2150E333-8FDC-42A3-9474-1A3956D46DE8}") = "Giorno 13", "Giorno 13", "{79223E69-B795-45EC-83B6-235776227A04}"
EndProject
Project("{FAE04EC0-301F-11D3-BF4B-00C04F79EFBC}") = "Liste_prv", "Liste_prv\Liste_prv.csproj", "{5CC4CDA2-54C4-4B1E-9BEB-BCABDB0B14EF}"
EndProject
Project("{FAE04EC0-301F-11D3-BF4B-00C04F79EFBC}") = "Esercizio_liste", "Esercizio_liste\Esercizio_liste.csproj", "{4A914E20-9C3B-447E-8CDB-5E7F310E6E75}"
EndProject
Project("{FAE04EC0-301F-11D3-BF4B-00C04F79EFBC}") = "Metodi_override_ref_out", "Metodi_override_ref_out\Metodi_override_ref_out.csproj", "{4146D742-1AE4-49D2-9FFA-D22A4FD2D980}"
EndProject
Project("{FAE04EC0-301F-11D3-BF4B-00C04F79EFBC}") = "override", "override\override.csproj", "{A10D8CDC-9635-4EB0-A0A7-467B1630CB4D}"
EndProject
Project("{2150E333-8FDC-42A3-9474-1A3956D46DE8}") = "Giorno 14", "Giorno 14", "{33C69079-80FA-4E00-8629-5A85A07FD5AA}"
EndProject
Project("{FAE04EC0-301F-11D3-BF4B-00C04F79EFBC}") = "Esercizi_metodi", "Esercizi_metodi\Esercizi_metodi.csproj", "{51AB893D-7F34-415A-8B32-734EAC27B221}"
EndProject
Project("{2150E333-8FDC-42A3-9474-1A3956D46DE8}") = "Giorno 12", "Giorno 12", "{77414C02-2ACE-42C4-949F-A2C8E5BCD9D8}"
EndProject
Project("{FAE04EC0-301F-11D3-BF4B-00C04F79EFBC}") = "Incap_ered_polim", "Incap_ered_polim\Incap_ered_polim.csproj", "{64CFBF57-4E93-40EF-83FF-D61A8E0B926C}"
EndProject
Project("{FAE04EC0-301F-11D3-BF4B-00C04F79EFBC}") = "Tombola", "Tombola\Tombola.csproj", "{49A56838-59D9-439D-8513-5C27BCB59638}"
EndProject
Project("{2150E333-8FDC-42A3-9474-1A3956D46DE8}") = "Giorno 17", "Giorno 17", "{61CECD53-6069-4D66-ABAB-ABC00E2CE519}"
EndProject
Project("{FAE04EC0-301F-11D3-BF4B-00C04F79EFBC}") = "mySQL_1", "mySQL_1\mySQL_1.csproj", "{4939F92C-D00D-4CD8-95D5-D1145A4389A2}"
EndProject
Project("{FAE04EC0-301F-11D3-BF4B-00C04F79EFBC}") = "mySQL_2", "mySQL_2\mySQL_2.csproj", "{F3C8BFB2-1C53-4A15-A22C-69B934FE9211}"
EndProject
Project("{FAE04EC0-301F-11D3-BF4B-00C04F79EFBC}") = "Esercizio", "Esercizio\Esercizio.csproj", "{8B2255A1-7495-4DF1-B9C4-4B38C11AFD6A}"
EndProject
Project("{2150E333-8FDC-42A3-9474-1A3956D46DE8}") = "Giorno 18", "Giorno 18", "{24A3C9CF-67E3-40D7-9D19-7E1C7C0DAEB4}"
EndProject
Project("{FAE04EC0-301F-11D3-BF4B-00C04F79EFBC}") = "LinQ", "LinQ\LinQ.csproj", "{982372A2-42A6-4C46-ADA6-E1C876531A1A}"
EndProject
Project("{FAE04EC0-301F-11D3-BF4B-00C04F79EFBC}") = "Input-output-file", "Input-output-file\Input-output-file.csproj", "{1DB817FE-8CC8-4E1E-BD8A-BB211CE326DD}"
EndProject
Project("{FAE04EC0-301F-11D3-BF4B-00C04F79EFBC}") = "Esercizio_txt", "Esercizio_txt\Esercizio_txt.csproj", "{E0AAF51E-FCAD-4554-88AD-DC022292C197}"
EndProject
Project("{FAE04EC0-301F-11D3-BF4B-00C04F79EFBC}") = "Esercizio_csv", "Esercizio_csv\Esercizio_csv.csproj", "{59A97C91-B24D-4A24-ADF5-DA6C7936CC36}"
EndProject
Project("{FAE04EC0-301F-11D3-BF4B-00C04F79EFBC}") = "IO-csv", "IO-csv\IO-csv.csproj", "{98A378CA-A7C4-4CC5-8508-75F6A0B4639F}"
EndProject
Project("{FAE04EC0-301F-11D3-BF4B-00C04F79EFBC}") = "IO-json", "IO-json\IO-json.csproj", "{6AEC0C40-A3AB-4C48-9028-D9DA5F979EF0}"
EndProject
Project("{FAE04EC0-301F-11D3-BF4B-00C04F79EFBC}") = "Esercizio_csv2", "Esercizio_csv2\Esercizio_csv2.csproj", "{9D99CB65-22B2-482D-AC7C-B4561F3F7BE7}"
EndProject
Project("{2150E333-8FDC-42A3-9474-1A3956D46DE8}") = "Giorno 19", "Giorno 19", "{2FA5C0BA-1D0B-42BB-BE32-3CAC6CE2D062}"
EndProject
Project("{FAE04EC0-301F-11D3-BF4B-00C04F79EFBC}") = "Costruzione_dati", "Costruzione_dati\Costruzione_dati.csproj", "{B8B662DD-4091-4D2F-80A1-6F7334E32DCF}"
EndProject
Project("{FAE04EC0-301F-11D3-BF4B-00C04F79EFBC}") = "Analisi_disney", "Analisi_disney\Analisi_disney.csproj", "{17F2F812-FCF2-4080-B3C1-4E11AAF89EE0}"
EndProject
Project("{FAE04EC0-301F-11D3-BF4B-00C04F79EFBC}") = "es_disney_corr", "es_disney_corr\es_disney_corr.csproj", "{78CCF4CD-7F7C-4A28-A21B-660099B11F18}"
EndProject
Project("{2150E333-8FDC-42A3-9474-1A3956D46DE8}") = "Giorno 20", "Giorno 20", "{6C4F7746-2A34-42E3-B6C9-4325C7953EF1}"
EndProject
Project("{FAE04EC0-301F-11D3-BF4B-00C04F79EFBC}") = "Progetto_finale", "Progetto_finale\Progetto_finale.csproj", "{EC9A8B39-F69D-4568-A0E3-091D812FD597}"
EndProject
Global
	GlobalSection(SolutionConfigurationPlatforms) = preSolution
		Debug|Any CPU = Debug|Any CPU
		Release|Any CPU = Release|Any CPU
	EndGlobalSection
	GlobalSection(ProjectConfigurationPlatforms) = postSolution
		{2786E2C9-3FCD-4D67-8A56-6FF8A5C192D2}.Debug|Any CPU.ActiveCfg = Debug|Any CPU
		{2786E2C9-3FCD-4D67-8A56-6FF8A5C192D2}.Debug|Any CPU.Build.0 = Debug|Any CPU
		{2786E2C9-3FCD-4D67-8A56-6FF8A5C192D2}.Release|Any CPU.ActiveCfg = Release|Any CPU
		{2786E2C9-3FCD-4D67-8A56-6FF8A5C192D2}.Release|Any CPU.Build.0 = Release|Any CPU
		{89E32CCC-60E2-4065-9DCB-A5BFBA73A9DA}.Debug|Any CPU.ActiveCfg = Debug|Any CPU
		{89E32CCC-60E2-4065-9DCB-A5BFBA73A9DA}.Debug|Any CPU.Build.0 = Debug|Any CPU
		{89E32CCC-60E2-4065-9DCB-A5BFBA73A9DA}.Release|Any CPU.ActiveCfg = Release|Any CPU
		{89E32CCC-60E2-4065-9DCB-A5BFBA73A9DA}.Release|Any CPU.Build.0 = Release|Any CPU
		{D2D97320-9BD7-4B75-9375-37F1C537E913}.Debug|Any CPU.ActiveCfg = Debug|Any CPU
		{D2D97320-9BD7-4B75-9375-37F1C537E913}.Debug|Any CPU.Build.0 = Debug|Any CPU
		{D2D97320-9BD7-4B75-9375-37F1C537E913}.Release|Any CPU.ActiveCfg = Release|Any CPU
		{D2D97320-9BD7-4B75-9375-37F1C537E913}.Release|Any CPU.Build.0 = Release|Any CPU
		{E1C995F7-A973-4D36-9FE7-82B1CC12A82E}.Debug|Any CPU.ActiveCfg = Debug|Any CPU
		{E1C995F7-A973-4D36-9FE7-82B1CC12A82E}.Debug|Any CPU.Build.0 = Debug|Any CPU
		{E1C995F7-A973-4D36-9FE7-82B1CC12A82E}.Release|Any CPU.ActiveCfg = Release|Any CPU
		{E1C995F7-A973-4D36-9FE7-82B1CC12A82E}.Release|Any CPU.Build.0 = Release|Any CPU
		{42A55565-5F94-4C1C-A34F-7FA17D291688}.Debug|Any CPU.ActiveCfg = Debug|Any CPU
		{42A55565-5F94-4C1C-A34F-7FA17D291688}.Debug|Any CPU.Build.0 = Debug|Any CPU
		{42A55565-5F94-4C1C-A34F-7FA17D291688}.Release|Any CPU.ActiveCfg = Release|Any CPU
		{42A55565-5F94-4C1C-A34F-7FA17D291688}.Release|Any CPU.Build.0 = Release|Any CPU
		{CBF00653-D212-4E5B-B704-892AF29DF3AD}.Debug|Any CPU.ActiveCfg = Debug|Any CPU
		{CBF00653-D212-4E5B-B704-892AF29DF3AD}.Debug|Any CPU.Build.0 = Debug|Any CPU
		{CBF00653-D212-4E5B-B704-892AF29DF3AD}.Release|Any CPU.ActiveCfg = Release|Any CPU
		{CBF00653-D212-4E5B-B704-892AF29DF3AD}.Release|Any CPU.Build.0 = Release|Any CPU
		{5CC4CDA2-54C4-4B1E-9BEB-BCABDB0B14EF}.Debug|Any CPU.ActiveCfg = Debug|Any CPU
		{5CC4CDA2-54C4-4B1E-9BEB-BCABDB0B14EF}.Debug|Any CPU.Build.0 = Debug|Any CPU
		{5CC4CDA2-54C4-4B1E-9BEB-BCABDB0B14EF}.Release|Any CPU.ActiveCfg = Release|Any CPU
		{5CC4CDA2-54C4-4B1E-9BEB-BCABDB0B14EF}.Release|Any CPU.Build.0 = Release|Any CPU
		{4A914E20-9C3B-447E-8CDB-5E7F310E6E75}.Debug|Any CPU.ActiveCfg = Debug|Any CPU
		{4A914E20-9C3B-447E-8CDB-5E7F310E6E75}.Debug|Any CPU.Build.0 = Debug|Any CPU
		{4A914E20-9C3B-447E-8CDB-5E7F310E6E75}.Release|Any CPU.ActiveCfg = Release|Any CPU
		{4A914E20-9C3B-447E-8CDB-5E7F310E6E75}.Release|Any CPU.Build.0 = Release|Any CPU
		{4146D742-1AE4-49D2-9FFA-D22A4FD2D980}.Debug|Any CPU.ActiveCfg = Debug|Any CPU
		{4146D742-1AE4-49D2-9FFA-D22A4FD2D980}.Debug|Any CPU.Build.0 = Debug|Any CPU
		{4146D742-1AE4-49D2-9FFA-D22A4FD2D980}.Release|Any CPU.ActiveCfg = Release|Any CPU
		{4146D742-1AE4-49D2-9FFA-D22A4FD2D980}.Release|Any CPU.Build.0 = Release|Any CPU
		{A10D8CDC-9635-4EB0-A0A7-467B1630CB4D}.Debug|Any CPU.ActiveCfg = Debug|Any CPU
		{A10D8CDC-9635-4EB0-A0A7-467B1630CB4D}.Debug|Any CPU.Build.0 = Debug|Any CPU
		{A10D8CDC-9635-4EB0-A0A7-467B1630CB4D}.Release|Any CPU.ActiveCfg = Release|Any CPU
		{A10D8CDC-9635-4EB0-A0A7-467B1630CB4D}.Release|Any CPU.Build.0 = Release|Any CPU
		{51AB893D-7F34-415A-8B32-734EAC27B221}.Debug|Any CPU.ActiveCfg = Debug|Any CPU
		{51AB893D-7F34-415A-8B32-734EAC27B221}.Debug|Any CPU.Build.0 = Debug|Any CPU
		{51AB893D-7F34-415A-8B32-734EAC27B221}.Release|Any CPU.ActiveCfg = Release|Any CPU
		{51AB893D-7F34-415A-8B32-734EAC27B221}.Release|Any CPU.Build.0 = Release|Any CPU
		{64CFBF57-4E93-40EF-83FF-D61A8E0B926C}.Debug|Any CPU.ActiveCfg = Debug|Any CPU
		{64CFBF57-4E93-40EF-83FF-D61A8E0B926C}.Debug|Any CPU.Build.0 = Debug|Any CPU
		{64CFBF57-4E93-40EF-83FF-D61A8E0B926C}.Release|Any CPU.ActiveCfg = Release|Any CPU
		{64CFBF57-4E93-40EF-83FF-D61A8E0B926C}.Release|Any CPU.Build.0 = Release|Any CPU
		{49A56838-59D9-439D-8513-5C27BCB59638}.Debug|Any CPU.ActiveCfg = Debug|Any CPU
		{49A56838-59D9-439D-8513-5C27BCB59638}.Debug|Any CPU.Build.0 = Debug|Any CPU
		{49A56838-59D9-439D-8513-5C27BCB59638}.Release|Any CPU.ActiveCfg = Release|Any CPU
		{49A56838-59D9-439D-8513-5C27BCB59638}.Release|Any CPU.Build.0 = Release|Any CPU
		{4939F92C-D00D-4CD8-95D5-D1145A4389A2}.Debug|Any CPU.ActiveCfg = Debug|Any CPU
		{4939F92C-D00D-4CD8-95D5-D1145A4389A2}.Debug|Any CPU.Build.0 = Debug|Any CPU
		{4939F92C-D00D-4CD8-95D5-D1145A4389A2}.Release|Any CPU.ActiveCfg = Release|Any CPU
		{4939F92C-D00D-4CD8-95D5-D1145A4389A2}.Release|Any CPU.Build.0 = Release|Any CPU
		{F3C8BFB2-1C53-4A15-A22C-69B934FE9211}.Debug|Any CPU.ActiveCfg = Debug|Any CPU
		{F3C8BFB2-1C53-4A15-A22C-69B934FE9211}.Debug|Any CPU.Build.0 = Debug|Any CPU
		{F3C8BFB2-1C53-4A15-A22C-69B934FE9211}.Release|Any CPU.ActiveCfg = Release|Any CPU
		{F3C8BFB2-1C53-4A15-A22C-69B934FE9211}.Release|Any CPU.Build.0 = Release|Any CPU
		{8B2255A1-7495-4DF1-B9C4-4B38C11AFD6A}.Debug|Any CPU.ActiveCfg = Debug|Any CPU
		{8B2255A1-7495-4DF1-B9C4-4B38C11AFD6A}.Debug|Any CPU.Build.0 = Debug|Any CPU
		{8B2255A1-7495-4DF1-B9C4-4B38C11AFD6A}.Release|Any CPU.ActiveCfg = Release|Any CPU
		{8B2255A1-7495-4DF1-B9C4-4B38C11AFD6A}.Release|Any CPU.Build.0 = Release|Any CPU
		{982372A2-42A6-4C46-ADA6-E1C876531A1A}.Debug|Any CPU.ActiveCfg = Debug|Any CPU
		{982372A2-42A6-4C46-ADA6-E1C876531A1A}.Debug|Any CPU.Build.0 = Debug|Any CPU
		{982372A2-42A6-4C46-ADA6-E1C876531A1A}.Release|Any CPU.ActiveCfg = Release|Any CPU
		{982372A2-42A6-4C46-ADA6-E1C876531A1A}.Release|Any CPU.Build.0 = Release|Any CPU
		{1DB817FE-8CC8-4E1E-BD8A-BB211CE326DD}.Debug|Any CPU.ActiveCfg = Debug|Any CPU
		{1DB817FE-8CC8-4E1E-BD8A-BB211CE326DD}.Debug|Any CPU.Build.0 = Debug|Any CPU
		{1DB817FE-8CC8-4E1E-BD8A-BB211CE326DD}.Release|Any CPU.ActiveCfg = Release|Any CPU
		{1DB817FE-8CC8-4E1E-BD8A-BB211CE326DD}.Release|Any CPU.Build.0 = Release|Any CPU
		{E0AAF51E-FCAD-4554-88AD-DC022292C197}.Debug|Any CPU.ActiveCfg = Debug|Any CPU
		{E0AAF51E-FCAD-4554-88AD-DC022292C197}.Debug|Any CPU.Build.0 = Debug|Any CPU
		{E0AAF51E-FCAD-4554-88AD-DC022292C197}.Release|Any CPU.ActiveCfg = Release|Any CPU
		{E0AAF51E-FCAD-4554-88AD-DC022292C197}.Release|Any CPU.Build.0 = Release|Any CPU
		{59A97C91-B24D-4A24-ADF5-DA6C7936CC36}.Debug|Any CPU.ActiveCfg = Debug|Any CPU
		{59A97C91-B24D-4A24-ADF5-DA6C7936CC36}.Debug|Any CPU.Build.0 = Debug|Any CPU
		{59A97C91-B24D-4A24-ADF5-DA6C7936CC36}.Release|Any CPU.ActiveCfg = Release|Any CPU
		{59A97C91-B24D-4A24-ADF5-DA6C7936CC36}.Release|Any CPU.Build.0 = Release|Any CPU
		{98A378CA-A7C4-4CC5-8508-75F6A0B4639F}.Debug|Any CPU.ActiveCfg = Debug|Any CPU
		{98A378CA-A7C4-4CC5-8508-75F6A0B4639F}.Debug|Any CPU.Build.0 = Debug|Any CPU
		{98A378CA-A7C4-4CC5-8508-75F6A0B4639F}.Release|Any CPU.ActiveCfg = Release|Any CPU
		{98A378CA-A7C4-4CC5-8508-75F6A0B4639F}.Release|Any CPU.Build.0 = Release|Any CPU
		{6AEC0C40-A3AB-4C48-9028-D9DA5F979EF0}.Debug|Any CPU.ActiveCfg = Debug|Any CPU
		{6AEC0C40-A3AB-4C48-9028-D9DA5F979EF0}.Debug|Any CPU.Build.0 = Debug|Any CPU
		{6AEC0C40-A3AB-4C48-9028-D9DA5F979EF0}.Release|Any CPU.ActiveCfg = Release|Any CPU
		{6AEC0C40-A3AB-4C48-9028-D9DA5F979EF0}.Release|Any CPU.Build.0 = Release|Any CPU
		{9D99CB65-22B2-482D-AC7C-B4561F3F7BE7}.Debug|Any CPU.ActiveCfg = Debug|Any CPU
		{9D99CB65-22B2-482D-AC7C-B4561F3F7BE7}.Debug|Any CPU.Build.0 = Debug|Any CPU
		{9D99CB65-22B2-482D-AC7C-B4561F3F7BE7}.Release|Any CPU.ActiveCfg = Release|Any CPU
		{9D99CB65-22B2-482D-AC7C-B4561F3F7BE7}.Release|Any CPU.Build.0 = Release|Any CPU
		{B8B662DD-4091-4D2F-80A1-6F7334E32DCF}.Debug|Any CPU.ActiveCfg = Debug|Any CPU
		{B8B662DD-4091-4D2F-80A1-6F7334E32DCF}.Debug|Any CPU.Build.0 = Debug|Any CPU
		{B8B662DD-4091-4D2F-80A1-6F7334E32DCF}.Release|Any CPU.ActiveCfg = Release|Any CPU
		{B8B662DD-4091-4D2F-80A1-6F7334E32DCF}.Release|Any CPU.Build.0 = Release|Any CPU
		{17F2F812-FCF2-4080-B3C1-4E11AAF89EE0}.Debug|Any CPU.ActiveCfg = Debug|Any CPU
		{17F2F812-FCF2-4080-B3C1-4E11AAF89EE0}.Debug|Any CPU.Build.0 = Debug|Any CPU
		{17F2F812-FCF2-4080-B3C1-4E11AAF89EE0}.Release|Any CPU.ActiveCfg = Release|Any CPU
		{17F2F812-FCF2-4080-B3C1-4E11AAF89EE0}.Release|Any CPU.Build.0 = Release|Any CPU
		{78CCF4CD-7F7C-4A28-A21B-660099B11F18}.Debug|Any CPU.ActiveCfg = Debug|Any CPU
		{78CCF4CD-7F7C-4A28-A21B-660099B11F18}.Debug|Any CPU.Build.0 = Debug|Any CPU
		{78CCF4CD-7F7C-4A28-A21B-660099B11F18}.Release|Any CPU.ActiveCfg = Release|Any CPU
		{78CCF4CD-7F7C-4A28-A21B-660099B11F18}.Release|Any CPU.Build.0 = Release|Any CPU
		{EC9A8B39-F69D-4568-A0E3-091D812FD597}.Debug|Any CPU.ActiveCfg = Debug|Any CPU
		{EC9A8B39-F69D-4568-A0E3-091D812FD597}.Debug|Any CPU.Build.0 = Debug|Any CPU
		{EC9A8B39-F69D-4568-A0E3-091D812FD597}.Release|Any CPU.ActiveCfg = Release|Any CPU
		{EC9A8B39-F69D-4568-A0E3-091D812FD597}.Release|Any CPU.Build.0 = Release|Any CPU
	EndGlobalSection
	GlobalSection(NestedProjects) = preSolution
		{5CC4CDA2-54C4-4B1E-9BEB-BCABDB0B14EF} = {79223E69-B795-45EC-83B6-235776227A04}
		{4A914E20-9C3B-447E-8CDB-5E7F310E6E75} = {79223E69-B795-45EC-83B6-235776227A04}
		{4146D742-1AE4-49D2-9FFA-D22A4FD2D980} = {79223E69-B795-45EC-83B6-235776227A04}
		{A10D8CDC-9635-4EB0-A0A7-467B1630CB4D} = {79223E69-B795-45EC-83B6-235776227A04}
		{51AB893D-7F34-415A-8B32-734EAC27B221} = {33C69079-80FA-4E00-8629-5A85A07FD5AA}
		{D2D97320-9BD7-4B75-9375-37F1C537E913} = {77414C02-2ACE-42C4-949F-A2C8E5BCD9D8}
		{89E32CCC-60E2-4065-9DCB-A5BFBA73A9DA} = {77414C02-2ACE-42C4-949F-A2C8E5BCD9D8}
		{E1C995F7-A973-4D36-9FE7-82B1CC12A82E} = {77414C02-2ACE-42C4-949F-A2C8E5BCD9D8}
		{2786E2C9-3FCD-4D67-8A56-6FF8A5C192D2} = {77414C02-2ACE-42C4-949F-A2C8E5BCD9D8}
		{42A55565-5F94-4C1C-A34F-7FA17D291688} = {77414C02-2ACE-42C4-949F-A2C8E5BCD9D8}
		{CBF00653-D212-4E5B-B704-892AF29DF3AD} = {77414C02-2ACE-42C4-949F-A2C8E5BCD9D8}
		{64CFBF57-4E93-40EF-83FF-D61A8E0B926C} = {33C69079-80FA-4E00-8629-5A85A07FD5AA}
		{49A56838-59D9-439D-8513-5C27BCB59638} = {33C69079-80FA-4E00-8629-5A85A07FD5AA}
		{4939F92C-D00D-4CD8-95D5-D1145A4389A2} = {61CECD53-6069-4D66-ABAB-ABC00E2CE519}
		{F3C8BFB2-1C53-4A15-A22C-69B934FE9211} = {61CECD53-6069-4D66-ABAB-ABC00E2CE519}
		{8B2255A1-7495-4DF1-B9C4-4B38C11AFD6A} = {61CECD53-6069-4D66-ABAB-ABC00E2CE519}
		{982372A2-42A6-4C46-ADA6-E1C876531A1A} = {24A3C9CF-67E3-40D7-9D19-7E1C7C0DAEB4}
		{1DB817FE-8CC8-4E1E-BD8A-BB211CE326DD} = {24A3C9CF-67E3-40D7-9D19-7E1C7C0DAEB4}
		{E0AAF51E-FCAD-4554-88AD-DC022292C197} = {24A3C9CF-67E3-40D7-9D19-7E1C7C0DAEB4}
		{59A97C91-B24D-4A24-ADF5-DA6C7936CC36} = {24A3C9CF-67E3-40D7-9D19-7E1C7C0DAEB4}
		{98A378CA-A7C4-4CC5-8508-75F6A0B4639F} = {24A3C9CF-67E3-40D7-9D19-7E1C7C0DAEB4}
		{6AEC0C40-A3AB-4C48-9028-D9DA5F979EF0} = {24A3C9CF-67E3-40D7-9D19-7E1C7C0DAEB4}
		{9D99CB65-22B2-482D-AC7C-B4561F3F7BE7} = {24A3C9CF-67E3-40D7-9D19-7E1C7C0DAEB4}
		{B8B662DD-4091-4D2F-80A1-6F7334E32DCF} = {2FA5C0BA-1D0B-42BB-BE32-3CAC6CE2D062}
		{17F2F812-FCF2-4080-B3C1-4E11AAF89EE0} = {2FA5C0BA-1D0B-42BB-BE32-3CAC6CE2D062}
		{78CCF4CD-7F7C-4A28-A21B-660099B11F18} = {2FA5C0BA-1D0B-42BB-BE32-3CAC6CE2D062}
		{EC9A8B39-F69D-4568-A0E3-091D812FD597} = {6C4F7746-2A34-42E3-B6C9-4325C7953EF1}
	EndGlobalSection
EndGlobal
